
Microsoft Visual Studio Solution File, Format Version 12.00
# Visual Studio Version 17
VisualStudioVersion = 17.2.32210.308
MinimumVisualStudioVersion = 10.0.40219.1
Project("{FAE04EC0-301F-11D3-BF4B-00C04F79EFBC}") = "IcyStorageServer", "IcyStorageServer.csproj", "{F8DED3BA-B582-447C-A2F4-BAA4AD36B4CB}"
EndProject
Global
	GlobalSection(SolutionConfigurationPlatforms) = preSolution
		Debug|Any CPU = Debug|Any CPU
		Release|Any CPU = Release|Any CPU
	EndGlobalSection
	GlobalSection(ProjectConfigurationPlatforms) = postSolution
		{F8DED3BA-B582-447C-A2F4-BAA4AD36B4CB}.Debug|Any CPU.ActiveCfg = Debug|Any CPU
		{F8DED3BA-B582-447C-A2F4-BAA4AD36B4CB}.Debug|Any CPU.Build.0 = Debug|Any CPU
		{F8DED3BA-B582-447C-A2F4-BAA4AD36B4CB}.Release|Any CPU.ActiveCfg = Release|Any CPU
		{F8DED3BA-B582-447C-A2F4-BAA4AD36B4CB}.Release|Any CPU.Build.0 = Release|Any CPU
	EndGlobalSection
	GlobalSection(SolutionProperties) = preSolution
		HideSolutionNode = FALSE
	EndGlobalSection
	GlobalSection(ExtensibilityGlobals) = postSolution
		SolutionGuid = {D78637AC-89CA-409B-9738-C8FBE3649530}
	EndGlobalSection
EndGlobal
